
Microsoft Visual Studio Solution File, Format Version 12.00
# Visual Studio Version 17
VisualStudioVersion = 17.4.33403.182
MinimumVisualStudioVersion = 10.0.40219.1
Project("{9A19103F-16F7-4668-BE54-9A1E7A4F7556}") = "Repository", "Repository\Repository.csproj", "{6099E68E-9FF9-47EE-AAE9-57FDBDF30062}"
EndProject
Project("{9A19103F-16F7-4668-BE54-9A1E7A4F7556}") = "WebApi", "WebApi\WebApi.csproj", "{DF253A47-BD73-432C-BCE5-F75E4C10034D}"
EndProject
Project("{9A19103F-16F7-4668-BE54-9A1E7A4F7556}") = "Services", "Services\Services.csproj", "{61E89927-42C7-4286-8216-EC3AD06E0386}"
EndProject
Project("{9A19103F-16F7-4668-BE54-9A1E7A4F7556}") = "Entities", "Entities\Entities.csproj", "{E76490DC-B75E-4668-A2BA-7EB16610B46D}"
EndProject
Project("{9A19103F-16F7-4668-BE54-9A1E7A4F7556}") = "Common", "Common\Common.csproj", "{0627CAD7-455E-476F-B9A1-F40644DAEFC2}"
EndProject
Project("{FAE04EC0-301F-11D3-BF4B-00C04F79EFBC}") = "MVC", "MVC\MVC.csproj", "{D8C61453-FE4F-402B-9B76-843A8893533A}"
EndProject
Global
	GlobalSection(SolutionConfigurationPlatforms) = preSolution
		Debug|Any CPU = Debug|Any CPU
		Release|Any CPU = Release|Any CPU
	EndGlobalSection
	GlobalSection(ProjectConfigurationPlatforms) = postSolution
		{6099E68E-9FF9-47EE-AAE9-57FDBDF30062}.Debug|Any CPU.ActiveCfg = Debug|Any CPU
		{6099E68E-9FF9-47EE-AAE9-57FDBDF30062}.Debug|Any CPU.Build.0 = Debug|Any CPU
		{6099E68E-9FF9-47EE-AAE9-57FDBDF30062}.Release|Any CPU.ActiveCfg = Release|Any CPU
		{6099E68E-9FF9-47EE-AAE9-57FDBDF30062}.Release|Any CPU.Build.0 = Release|Any CPU
		{DF253A47-BD73-432C-BCE5-F75E4C10034D}.Debug|Any CPU.ActiveCfg = Debug|Any CPU
		{DF253A47-BD73-432C-BCE5-F75E4C10034D}.Debug|Any CPU.Build.0 = Debug|Any CPU
		{DF253A47-BD73-432C-BCE5-F75E4C10034D}.Release|Any CPU.ActiveCfg = Release|Any CPU
		{DF253A47-BD73-432C-BCE5-F75E4C10034D}.Release|Any CPU.Build.0 = Release|Any CPU
		{61E89927-42C7-4286-8216-EC3AD06E0386}.Debug|Any CPU.ActiveCfg = Debug|Any CPU
		{61E89927-42C7-4286-8216-EC3AD06E0386}.Debug|Any CPU.Build.0 = Debug|Any CPU
		{61E89927-42C7-4286-8216-EC3AD06E0386}.Release|Any CPU.ActiveCfg = Release|Any CPU
		{61E89927-42C7-4286-8216-EC3AD06E0386}.Release|Any CPU.Build.0 = Release|Any CPU
		{E76490DC-B75E-4668-A2BA-7EB16610B46D}.Debug|Any CPU.ActiveCfg = Debug|Any CPU
		{E76490DC-B75E-4668-A2BA-7EB16610B46D}.Debug|Any CPU.Build.0 = Debug|Any CPU
		{E76490DC-B75E-4668-A2BA-7EB16610B46D}.Release|Any CPU.ActiveCfg = Release|Any CPU
		{E76490DC-B75E-4668-A2BA-7EB16610B46D}.Release|Any CPU.Build.0 = Release|Any CPU
		{0627CAD7-455E-476F-B9A1-F40644DAEFC2}.Debug|Any CPU.ActiveCfg = Debug|Any CPU
		{0627CAD7-455E-476F-B9A1-F40644DAEFC2}.Debug|Any CPU.Build.0 = Debug|Any CPU
		{0627CAD7-455E-476F-B9A1-F40644DAEFC2}.Release|Any CPU.ActiveCfg = Release|Any CPU
		{0627CAD7-455E-476F-B9A1-F40644DAEFC2}.Release|Any CPU.Build.0 = Release|Any CPU
		{D8C61453-FE4F-402B-9B76-843A8893533A}.Debug|Any CPU.ActiveCfg = Debug|Any CPU
		{D8C61453-FE4F-402B-9B76-843A8893533A}.Debug|Any CPU.Build.0 = Debug|Any CPU
		{D8C61453-FE4F-402B-9B76-843A8893533A}.Release|Any CPU.ActiveCfg = Release|Any CPU
		{D8C61453-FE4F-402B-9B76-843A8893533A}.Release|Any CPU.Build.0 = Release|Any CPU
	EndGlobalSection
	GlobalSection(SolutionProperties) = preSolution
		HideSolutionNode = FALSE
	EndGlobalSection
	GlobalSection(ExtensibilityGlobals) = postSolution
		SolutionGuid = {2C6D158B-0FD8-4DDD-8D16-FC1EC00AE240}
	EndGlobalSection
EndGlobal
